// !$*UTF8*$!
{
	archiveVersion = 1;
	classes = {
	};
	objectVersion = 56;
	objects = {

/* Begin PBXBuildFile section */
		68CC37BDDBA8701E66C1994B /* Pods_MKL_UnicornModule.framework in Frameworks */ = {isa = PBXBuildFile; fileRef = 245E8FE7966CC72B40C4B82A /* Pods_MKL_UnicornModule.framework */; };
		9E51C86F2C6AC83400753472 /* FirestoreDataSourceImpl.swift in Sources */ = {isa = PBXBuildFile; fileRef = 9E51C86E2C6AC83400753472 /* FirestoreDataSourceImpl.swift */; };
		9E51C8712C6AC86B00753472 /* DataSourceService.swift in Sources */ = {isa = PBXBuildFile; fileRef = 9E51C8702C6AC86B00753472 /* DataSourceService.swift */; };
		9E6D27622C67EC7C001665D1 /* FirestoreRepositoryImpl.swift in Sources */ = {isa = PBXBuildFile; fileRef = 9E6D27612C67EC7C001665D1 /* FirestoreRepositoryImpl.swift */; };
		9E7F28BC2C64EAC600671FE2 /* MKL_UnicornModule.h in Headers */ = {isa = PBXBuildFile; fileRef = 9E7F28BB2C64EAC600671FE2 /* MKL_UnicornModule.h */; settings = {ATTRIBUTES = (Public, ); }; };
		9E87C9502C6795E2009AD02F /* FirebaseConfig.swift in Sources */ = {isa = PBXBuildFile; fileRef = 9E87C94F2C6795E2009AD02F /* FirebaseConfig.swift */; };
		9E88B0962C699286002B1066 /* MarketItemDTO.swift in Sources */ = {isa = PBXBuildFile; fileRef = 9E88B0952C699286002B1066 /* MarketItemDTO.swift */; };
		9E88B0992C6992BB002B1066 /* MarketItemMapper.swift in Sources */ = {isa = PBXBuildFile; fileRef = 9E88B0982C6992BB002B1066 /* MarketItemMapper.swift */; };
/* End PBXBuildFile section */

/* Begin PBXFileReference section */
		245E8FE7966CC72B40C4B82A /* Pods_MKL_UnicornModule.framework */ = {isa = PBXFileReference; explicitFileType = wrapper.framework; includeInIndex = 0; path = Pods_MKL_UnicornModule.framework; sourceTree = BUILT_PRODUCTS_DIR; };
		5DCA574973BAC57B055002E8 /* Pods-MKL-UnicornModule.release.xcconfig */ = {isa = PBXFileReference; includeInIndex = 1; lastKnownFileType = text.xcconfig; name = "Pods-MKL-UnicornModule.release.xcconfig"; path = "Target Support Files/Pods-MKL-UnicornModule/Pods-MKL-UnicornModule.release.xcconfig"; sourceTree = "<group>"; };
		9E51C86E2C6AC83400753472 /* FirestoreDataSourceImpl.swift */ = {isa = PBXFileReference; lastKnownFileType = sourcecode.swift; path = FirestoreDataSourceImpl.swift; sourceTree = "<group>"; };
		9E51C8702C6AC86B00753472 /* DataSourceService.swift */ = {isa = PBXFileReference; lastKnownFileType = sourcecode.swift; path = DataSourceService.swift; sourceTree = "<group>"; };
		9E6D27612C67EC7C001665D1 /* FirestoreRepositoryImpl.swift */ = {isa = PBXFileReference; lastKnownFileType = sourcecode.swift; path = FirestoreRepositoryImpl.swift; sourceTree = "<group>"; };
		9E7F28B82C64EAC600671FE2 /* MKL_UnicornModule.framework */ = {isa = PBXFileReference; explicitFileType = wrapper.framework; includeInIndex = 0; path = MKL_UnicornModule.framework; sourceTree = BUILT_PRODUCTS_DIR; };
		9E7F28BB2C64EAC600671FE2 /* MKL_UnicornModule.h */ = {isa = PBXFileReference; lastKnownFileType = sourcecode.c.h; path = MKL_UnicornModule.h; sourceTree = "<group>"; };
		9E87C94F2C6795E2009AD02F /* FirebaseConfig.swift */ = {isa = PBXFileReference; lastKnownFileType = sourcecode.swift; path = FirebaseConfig.swift; sourceTree = "<group>"; };
		9E88B0952C699286002B1066 /* MarketItemDTO.swift */ = {isa = PBXFileReference; lastKnownFileType = sourcecode.swift; path = MarketItemDTO.swift; sourceTree = "<group>"; };
		9E88B0982C6992BB002B1066 /* MarketItemMapper.swift */ = {isa = PBXFileReference; lastKnownFileType = sourcecode.swift; path = MarketItemMapper.swift; sourceTree = "<group>"; };
		A3982AB32A7D9961D7880CA8 /* Pods-MKL-UnicornModule.debug.xcconfig */ = {isa = PBXFileReference; includeInIndex = 1; lastKnownFileType = text.xcconfig; name = "Pods-MKL-UnicornModule.debug.xcconfig"; path = "Target Support Files/Pods-MKL-UnicornModule/Pods-MKL-UnicornModule.debug.xcconfig"; sourceTree = "<group>"; };
/* End PBXFileReference section */

/* Begin PBXFrameworksBuildPhase section */
		9E7F28B52C64EAC600671FE2 /* Frameworks */ = {
			isa = PBXFrameworksBuildPhase;
			buildActionMask = 2147483647;
			files = (
				68CC37BDDBA8701E66C1994B /* Pods_MKL_UnicornModule.framework in Frameworks */,
			);
			runOnlyForDeploymentPostprocessing = 0;
		};
/* End PBXFrameworksBuildPhase section */

/* Begin PBXGroup section */
		0D5E9F8FEA838B06C3009484 /* Pods */ = {
			isa = PBXGroup;
			children = (
				A3982AB32A7D9961D7880CA8 /* Pods-MKL-UnicornModule.debug.xcconfig */,
				5DCA574973BAC57B055002E8 /* Pods-MKL-UnicornModule.release.xcconfig */,
			);
			path = Pods;
			sourceTree = "<group>";
		};
		9E51C8722C6AC8B300753472 /* dataSourceImpl */ = {
			isa = PBXGroup;
			children = (
				9E51C86E2C6AC83400753472 /* FirestoreDataSourceImpl.swift */,
			);
			path = dataSourceImpl;
			sourceTree = "<group>";
		};
		9E7F28AE2C64EAC600671FE2 = {
			isa = PBXGroup;
			children = (
				9E7F28BA2C64EAC600671FE2 /* MKL-UnicornModule */,
				9E7F28B92C64EAC600671FE2 /* Products */,
				0D5E9F8FEA838B06C3009484 /* Pods */,
				B771C05B66CC7DC9F7357E78 /* Frameworks */,
			);
			sourceTree = "<group>";
		};
		9E7F28B92C64EAC600671FE2 /* Products */ = {
			isa = PBXGroup;
			children = (
				9E7F28B82C64EAC600671FE2 /* MKL_UnicornModule.framework */,
			);
			name = Products;
			sourceTree = "<group>";
		};
		9E7F28BA2C64EAC600671FE2 /* MKL-UnicornModule */ = {
			isa = PBXGroup;
			children = (
				9E87C9492C679327009AD02F /* Data */,
				9E7F28BB2C64EAC600671FE2 /* MKL_UnicornModule.h */,
			);
			path = "MKL-UnicornModule";
			sourceTree = "<group>";
		};
		9E87C9492C679327009AD02F /* Data */ = {
			isa = PBXGroup;
			children = (
				9E51C8722C6AC8B300753472 /* dataSourceImpl */,
				9E88B0972C6992A2002B1066 /* mappers */,
				9E88B0942C69926B002B1066 /* dataSource */,
				9E87C94E2C67935F009AD02F /* repositoryImpl */,
				9E87C94B2C679339009AD02F /* persistence */,
				9E87C94A2C679332009AD02F /* dto */,
			);
			path = Data;
			sourceTree = "<group>";
		};
		9E87C94A2C679332009AD02F /* dto */ = {
			isa = PBXGroup;
			children = (
				9E88B0952C699286002B1066 /* MarketItemDTO.swift */,
			);
			path = dto;
			sourceTree = "<group>";
		};
		9E87C94B2C679339009AD02F /* persistence */ = {
			isa = PBXGroup;
			children = (
				9E87C94C2C679347009AD02F /* firebase */,
			);
			path = persistence;
			sourceTree = "<group>";
		};
		9E87C94C2C679347009AD02F /* firebase */ = {
			isa = PBXGroup;
			children = (
				9E87C94F2C6795E2009AD02F /* FirebaseConfig.swift */,
			);
			path = firebase;
			sourceTree = "<group>";
		};
		9E87C94E2C67935F009AD02F /* repositoryImpl */ = {
			isa = PBXGroup;
			children = (
				9E6D27612C67EC7C001665D1 /* FirestoreRepositoryImpl.swift */,
			);
			path = repositoryImpl;
			sourceTree = "<group>";
		};
		9E88B0942C69926B002B1066 /* dataSource */ = {
			isa = PBXGroup;
			children = (
				9E51C8702C6AC86B00753472 /* DataSourceService.swift */,
			);
			path = dataSource;
			sourceTree = "<group>";
		};
		9E88B0972C6992A2002B1066 /* mappers */ = {
			isa = PBXGroup;
			children = (
				9E88B0982C6992BB002B1066 /* MarketItemMapper.swift */,
			);
			path = mappers;
			sourceTree = "<group>";
		};
		B771C05B66CC7DC9F7357E78 /* Frameworks */ = {
			isa = PBXGroup;
			children = (
				245E8FE7966CC72B40C4B82A /* Pods_MKL_UnicornModule.framework */,
			);
			name = Frameworks;
			sourceTree = "<group>";
		};
/* End PBXGroup section */

/* Begin PBXHeadersBuildPhase section */
		9E7F28B32C64EAC600671FE2 /* Headers */ = {
			isa = PBXHeadersBuildPhase;
			buildActionMask = 2147483647;
			files = (
				9E7F28BC2C64EAC600671FE2 /* MKL_UnicornModule.h in Headers */,
			);
			runOnlyForDeploymentPostprocessing = 0;
		};
/* End PBXHeadersBuildPhase section */

/* Begin PBXNativeTarget section */
		9E7F28B72C64EAC600671FE2 /* MKL-UnicornModule */ = {
			isa = PBXNativeTarget;
			buildConfigurationList = 9E7F28BF2C64EAC600671FE2 /* Build configuration list for PBXNativeTarget "MKL-UnicornModule" */;
			buildPhases = (
				DD1B189B4042AE485061DB02 /* [CP] Check Pods Manifest.lock */,
				9E7F28B32C64EAC600671FE2 /* Headers */,
				9E7F28B42C64EAC600671FE2 /* Sources */,
				9E7F28B52C64EAC600671FE2 /* Frameworks */,
				9E7F28B62C64EAC600671FE2 /* Resources */,
			);
			buildRules = (
			);
			dependencies = (
			);
			name = "MKL-UnicornModule";
			productName = "MKL-UnicornModule";
			productReference = 9E7F28B82C64EAC600671FE2 /* MKL_UnicornModule.framework */;
			productType = "com.apple.product-type.framework";
		};
/* End PBXNativeTarget section */

/* Begin PBXProject section */
		9E7F28AF2C64EAC600671FE2 /* Project object */ = {
			isa = PBXProject;
			attributes = {
				BuildIndependentTargetsInParallel = 1;
				LastUpgradeCheck = 1500;
				TargetAttributes = {
					9E7F28B72C64EAC600671FE2 = {
						CreatedOnToolsVersion = 15.0.1;
						LastSwiftMigration = 1500;
					};
				};
			};
			buildConfigurationList = 9E7F28B22C64EAC600671FE2 /* Build configuration list for PBXProject "MKL-UnicornModule" */;
			compatibilityVersion = "Xcode 14.0";
			developmentRegion = en;
			hasScannedForEncodings = 0;
			knownRegions = (
				en,
				Base,
			);
			mainGroup = 9E7F28AE2C64EAC600671FE2;
			productRefGroup = 9E7F28B92C64EAC600671FE2 /* Products */;
			projectDirPath = "";
			projectRoot = "";
			targets = (
				9E7F28B72C64EAC600671FE2 /* MKL-UnicornModule */,
			);
		};
/* End PBXProject section */

/* Begin PBXResourcesBuildPhase section */
		9E7F28B62C64EAC600671FE2 /* Resources */ = {
			isa = PBXResourcesBuildPhase;
			buildActionMask = 2147483647;
			files = (
			);
			runOnlyForDeploymentPostprocessing = 0;
		};
/* End PBXResourcesBuildPhase section */

/* Begin PBXShellScriptBuildPhase section */
		DD1B189B4042AE485061DB02 /* [CP] Check Pods Manifest.lock */ = {
			isa = PBXShellScriptBuildPhase;
			buildActionMask = 2147483647;
			files = (
			);
			inputFileListPaths = (
			);
			inputPaths = (
				"${PODS_PODFILE_DIR_PATH}/Podfile.lock",
				"${PODS_ROOT}/Manifest.lock",
			);
			name = "[CP] Check Pods Manifest.lock";
			outputFileListPaths = (
			);
			outputPaths = (
				"$(DERIVED_FILE_DIR)/Pods-MKL-UnicornModule-checkManifestLockResult.txt",
			);
			runOnlyForDeploymentPostprocessing = 0;
			shellPath = /bin/sh;
			shellScript = "diff \"${PODS_PODFILE_DIR_PATH}/Podfile.lock\" \"${PODS_ROOT}/Manifest.lock\" > /dev/null\nif [ $? != 0 ] ; then\n    # print error to STDERR\n    echo \"error: The sandbox is not in sync with the Podfile.lock. Run 'pod install' or update your CocoaPods installation.\" >&2\n    exit 1\nfi\n# This output is used by Xcode 'outputs' to avoid re-running this script phase.\necho \"SUCCESS\" > \"${SCRIPT_OUTPUT_FILE_0}\"\n";
			showEnvVarsInLog = 0;
		};
/* End PBXShellScriptBuildPhase section */

/* Begin PBXSourcesBuildPhase section */
		9E7F28B42C64EAC600671FE2 /* Sources */ = {
			isa = PBXSourcesBuildPhase;
			buildActionMask = 2147483647;
			files = (
				9E87C9502C6795E2009AD02F /* FirebaseConfig.swift in Sources */,
				9E88B0992C6992BB002B1066 /* MarketItemMapper.swift in Sources */,
				9E88B0962C699286002B1066 /* MarketItemDTO.swift in Sources */,
				9E51C86F2C6AC83400753472 /* FirestoreDataSourceImpl.swift in Sources */,
				9E51C8712C6AC86B00753472 /* DataSourceService.swift in Sources */,
				9E6D27622C67EC7C001665D1 /* FirestoreRepositoryImpl.swift in Sources */,
			);
			runOnlyForDeploymentPostprocessing = 0;
		};
/* End PBXSourcesBuildPhase section */

/* Begin XCBuildConfiguration section */
		9E7F28BD2C64EAC600671FE2 /* Debug */ = {
			isa = XCBuildConfiguration;
			buildSettings = {
				ALWAYS_SEARCH_USER_PATHS = NO;
				ASSETCATALOG_COMPILER_GENERATE_SWIFT_ASSET_SYMBOL_EXTENSIONS = YES;
				CLANG_ANALYZER_NONNULL = YES;
				CLANG_ANALYZER_NUMBER_OBJECT_CONVERSION = YES_AGGRESSIVE;
				CLANG_CXX_LANGUAGE_STANDARD = "gnu++20";
				CLANG_ENABLE_MODULES = YES;
				CLANG_ENABLE_OBJC_ARC = YES;
				CLANG_ENABLE_OBJC_WEAK = YES;
				CLANG_WARN_BLOCK_CAPTURE_AUTORELEASING = YES;
				CLANG_WARN_BOOL_CONVERSION = YES;
				CLANG_WARN_COMMA = YES;
				CLANG_WARN_CONSTANT_CONVERSION = YES;
				CLANG_WARN_DEPRECATED_OBJC_IMPLEMENTATIONS = YES;
				CLANG_WARN_DIRECT_OBJC_ISA_USAGE = YES_ERROR;
				CLANG_WARN_DOCUMENTATION_COMMENTS = YES;
				CLANG_WARN_EMPTY_BODY = YES;
				CLANG_WARN_ENUM_CONVERSION = YES;
				CLANG_WARN_INFINITE_RECURSION = YES;
				CLANG_WARN_INT_CONVERSION = YES;
				CLANG_WARN_NON_LITERAL_NULL_CONVERSION = YES;
				CLANG_WARN_OBJC_IMPLICIT_RETAIN_SELF = YES;
				CLANG_WARN_OBJC_LITERAL_CONVERSION = YES;
				CLANG_WARN_OBJC_ROOT_CLASS = YES_ERROR;
				CLANG_WARN_QUOTED_INCLUDE_IN_FRAMEWORK_HEADER = YES;
				CLANG_WARN_RANGE_LOOP_ANALYSIS = YES;
				CLANG_WARN_STRICT_PROTOTYPES = YES;
				CLANG_WARN_SUSPICIOUS_MOVE = YES;
				CLANG_WARN_UNGUARDED_AVAILABILITY = YES_AGGRESSIVE;
				CLANG_WARN_UNREACHABLE_CODE = YES;
				CLANG_WARN__DUPLICATE_METHOD_MATCH = YES;
				COPY_PHASE_STRIP = NO;
				CURRENT_PROJECT_VERSION = 1;
				DEBUG_INFORMATION_FORMAT = dwarf;
				ENABLE_STRICT_OBJC_MSGSEND = YES;
				ENABLE_TESTABILITY = YES;
				ENABLE_USER_SCRIPT_SANDBOXING = YES;
				GCC_C_LANGUAGE_STANDARD = gnu17;
				GCC_DYNAMIC_NO_PIC = NO;
				GCC_NO_COMMON_BLOCKS = YES;
				GCC_OPTIMIZATION_LEVEL = 0;
				GCC_PREPROCESSOR_DEFINITIONS = (
					"DEBUG=1",
					"$(inherited)",
				);
				GCC_WARN_64_TO_32_BIT_CONVERSION = YES;
				GCC_WARN_ABOUT_RETURN_TYPE = YES_ERROR;
				GCC_WARN_UNDECLARED_SELECTOR = YES;
				GCC_WARN_UNINITIALIZED_AUTOS = YES_AGGRESSIVE;
				GCC_WARN_UNUSED_FUNCTION = YES;
				GCC_WARN_UNUSED_VARIABLE = YES;
				IPHONEOS_DEPLOYMENT_TARGET = 17.0;
				LOCALIZATION_PREFERS_STRING_CATALOGS = YES;
				MTL_ENABLE_DEBUG_INFO = INCLUDE_SOURCE;
				MTL_FAST_MATH = YES;
				ONLY_ACTIVE_ARCH = YES;
				SDKROOT = iphoneos;
				SWIFT_ACTIVE_COMPILATION_CONDITIONS = "DEBUG $(inherited)";
				SWIFT_OPTIMIZATION_LEVEL = "-Onone";
				VERSIONING_SYSTEM = "apple-generic";
				VERSION_INFO_PREFIX = "";
			};
			name = Debug;
		};
		9E7F28BE2C64EAC600671FE2 /* Release */ = {
			isa = XCBuildConfiguration;
			buildSettings = {
				ALWAYS_SEARCH_USER_PATHS = NO;
				ASSETCATALOG_COMPILER_GENERATE_SWIFT_ASSET_SYMBOL_EXTENSIONS = YES;
				CLANG_ANALYZER_NONNULL = YES;
				CLANG_ANALYZER_NUMBER_OBJECT_CONVERSION = YES_AGGRESSIVE;
				CLANG_CXX_LANGUAGE_STANDARD = "gnu++20";
				CLANG_ENABLE_MODULES = YES;
				CLANG_ENABLE_OBJC_ARC = YES;
				CLANG_ENABLE_OBJC_WEAK = YES;
				CLANG_WARN_BLOCK_CAPTURE_AUTORELEASING = YES;
				CLANG_WARN_BOOL_CONVERSION = YES;
				CLANG_WARN_COMMA = YES;
				CLANG_WARN_CONSTANT_CONVERSION = YES;
				CLANG_WARN_DEPRECATED_OBJC_IMPLEMENTATIONS = YES;
				CLANG_WARN_DIRECT_OBJC_ISA_USAGE = YES_ERROR;
				CLANG_WARN_DOCUMENTATION_COMMENTS = YES;
				CLANG_WARN_EMPTY_BODY = YES;
				CLANG_WARN_ENUM_CONVERSION = YES;
				CLANG_WARN_INFINITE_RECURSION = YES;
				CLANG_WARN_INT_CONVERSION = YES;
				CLANG_WARN_NON_LITERAL_NULL_CONVERSION = YES;
				CLANG_WARN_OBJC_IMPLICIT_RETAIN_SELF = YES;
				CLANG_WARN_OBJC_LITERAL_CONVERSION = YES;
				CLANG_WARN_OBJC_ROOT_CLASS = YES_ERROR;
				CLANG_WARN_QUOTED_INCLUDE_IN_FRAMEWORK_HEADER = YES;
				CLANG_WARN_RANGE_LOOP_ANALYSIS = YES;
				CLANG_WARN_STRICT_PROTOTYPES = YES;
				CLANG_WARN_SUSPICIOUS_MOVE = YES;
				CLANG_WARN_UNGUARDED_AVAILABILITY = YES_AGGRESSIVE;
				CLANG_WARN_UNREACHABLE_CODE = YES;
				CLANG_WARN__DUPLICATE_METHOD_MATCH = YES;
				COPY_PHASE_STRIP = NO;
				CURRENT_PROJECT_VERSION = 1;
				DEBUG_INFORMATION_FORMAT = "dwarf-with-dsym";
				ENABLE_NS_ASSERTIONS = NO;
				ENABLE_STRICT_OBJC_MSGSEND = YES;
				ENABLE_USER_SCRIPT_SANDBOXING = YES;
				GCC_C_LANGUAGE_STANDARD = gnu17;
				GCC_NO_COMMON_BLOCKS = YES;
				GCC_WARN_64_TO_32_BIT_CONVERSION = YES;
				GCC_WARN_ABOUT_RETURN_TYPE = YES_ERROR;
				GCC_WARN_UNDECLARED_SELECTOR = YES;
				GCC_WARN_UNINITIALIZED_AUTOS = YES_AGGRESSIVE;
				GCC_WARN_UNUSED_FUNCTION = YES;
				GCC_WARN_UNUSED_VARIABLE = YES;
				IPHONEOS_DEPLOYMENT_TARGET = 17.0;
				LOCALIZATION_PREFERS_STRING_CATALOGS = YES;
				MTL_ENABLE_DEBUG_INFO = NO;
				MTL_FAST_MATH = YES;
				SDKROOT = iphoneos;
				SWIFT_COMPILATION_MODE = wholemodule;
				VALIDATE_PRODUCT = YES;
				VERSIONING_SYSTEM = "apple-generic";
				VERSION_INFO_PREFIX = "";
			};
			name = Release;
		};
		9E7F28C02C64EAC600671FE2 /* Debug */ = {
			isa = XCBuildConfiguration;
			baseConfigurationReference = A3982AB32A7D9961D7880CA8 /* Pods-MKL-UnicornModule.debug.xcconfig */;
			buildSettings = {
				CLANG_ENABLE_MODULES = YES;
				CODE_SIGN_STYLE = Automatic;
				CURRENT_PROJECT_VERSION = 1;
				DEFINES_MODULE = YES;
				DEVELOPMENT_TEAM = R2D234X96B;
				DYLIB_COMPATIBILITY_VERSION = 1;
				DYLIB_CURRENT_VERSION = 1;
				DYLIB_INSTALL_NAME_BASE = "@rpath";
				ENABLE_MODULE_VERIFIER = YES;
				GENERATE_INFOPLIST_FILE = YES;
				INFOPLIST_KEY_NSHumanReadableCopyright = "";
				INSTALL_PATH = "$(LOCAL_LIBRARY_DIR)/Frameworks";
				LD_RUNPATH_SEARCH_PATHS = (
					"$(inherited)",
					"@executable_path/Frameworks",
					"@loader_path/Frameworks",
				);
				MARKETING_VERSION = 1.0;
				MODULE_VERIFIER_SUPPORTED_LANGUAGES = "objective-c objective-c++";
				MODULE_VERIFIER_SUPPORTED_LANGUAGE_STANDARDS = "gnu17 gnu++20";
				PRODUCT_BUNDLE_IDENTIFIER = "com.njm.MKL-UnicornModule";
				PRODUCT_NAME = "$(TARGET_NAME:c99extidentifier)";
				SKIP_INSTALL = YES;
				SWIFT_EMIT_LOC_STRINGS = YES;
				SWIFT_OPTIMIZATION_LEVEL = "-Onone";
				SWIFT_VERSION = 5.0;
				TARGETED_DEVICE_FAMILY = "1,2";
			};
			name = Debug;
		};
		9E7F28C12C64EAC600671FE2 /* Release */ = {
			isa = XCBuildConfiguration;
			baseConfigurationReference = 5DCA574973BAC57B055002E8 /* Pods-MKL-UnicornModule.release.xcconfig */;
			buildSettings = {
				CLANG_ENABLE_MODULES = YES;
				CODE_SIGN_STYLE = Automatic;
				CURRENT_PROJECT_VERSION = 1;
				DEFINES_MODULE = YES;
				DEVELOPMENT_TEAM = R2D234X96B;
				DYLIB_COMPATIBILITY_VERSION = 1;
				DYLIB_CURRENT_VERSION = 1;
				DYLIB_INSTALL_NAME_BASE = "@rpath";
				ENABLE_MODULE_VERIFIER = YES;
				GENERATE_INFOPLIST_FILE = YES;
				INFOPLIST_KEY_NSHumanReadableCopyright = "";
				INSTALL_PATH = "$(LOCAL_LIBRARY_DIR)/Frameworks";
				LD_RUNPATH_SEARCH_PATHS = (
					"$(inherited)",
					"@executable_path/Frameworks",
					"@loader_path/Frameworks",
				);
				MARKETING_VERSION = 1.0;
				MODULE_VERIFIER_SUPPORTED_LANGUAGES = "objective-c objective-c++";
				MODULE_VERIFIER_SUPPORTED_LANGUAGE_STANDARDS = "gnu17 gnu++20";
				PRODUCT_BUNDLE_IDENTIFIER = "com.njm.MKL-UnicornModule";
				PRODUCT_NAME = "$(TARGET_NAME:c99extidentifier)";
				SKIP_INSTALL = YES;
				SWIFT_EMIT_LOC_STRINGS = YES;
				SWIFT_VERSION = 5.0;
				TARGETED_DEVICE_FAMILY = "1,2";
			};
			name = Release;
		};
/* End XCBuildConfiguration section */

/* Begin XCConfigurationList section */
		9E7F28B22C64EAC600671FE2 /* Build configuration list for PBXProject "MKL-UnicornModule" */ = {
			isa = XCConfigurationList;
			buildConfigurations = (
				9E7F28BD2C64EAC600671FE2 /* Debug */,
				9E7F28BE2C64EAC600671FE2 /* Release */,
			);
			defaultConfigurationIsVisible = 0;
			defaultConfigurationName = Release;
		};
		9E7F28BF2C64EAC600671FE2 /* Build configuration list for PBXNativeTarget "MKL-UnicornModule" */ = {
			isa = XCConfigurationList;
			buildConfigurations = (
				9E7F28C02C64EAC600671FE2 /* Debug */,
				9E7F28C12C64EAC600671FE2 /* Release */,
			);
			defaultConfigurationIsVisible = 0;
			defaultConfigurationName = Release;
		};
/* End XCConfigurationList section */
	};
	rootObject = 9E7F28AF2C64EAC600671FE2 /* Project object */;
}
